<?xml version="1.0" encoding="utf-8"?>
<Project ToolsVersion="4.0" xmlns="http://schemas.microsoft.com/developer/msbuild/2003">
  <ItemGroup>
    <Filter Include="Source Files">
      <UniqueIdentifier>{4FC737F1-C7A5-4376-A066-2A32D752A2FF}</UniqueIdentifier>
      <Extensions>cpp;c;cc;cxx;c++;cppm;ixx;def;odl;idl;hpj;bat;asm;asmx</Extensions>
    </Filter>
    <Filter Include="Header Files">
      <UniqueIdentifier>{93995380-89BD-4b04-88EB-625FBE52EBFB}</UniqueIdentifier>
      <Extensions>h;hh;hpp;hxx;h++;hm;inl;inc;ipp;xsd</Extensions>
    </Filter>
    <Filter Include="Resource Files">
      <UniqueIdentifier>{67DA6AB6-F800-4c08-8B7A-83BB121AAD01}</UniqueIdentifier>
      <Extensions>rc;ico;cur;bmp;dlg;rc2;rct;bin;rgs;gif;jpg;jpeg;jpe;resx;tiff;tif;png;wav;mfcribbon-ms</Extensions>
    </Filter>
    <Filter Include="Source Files\Entities">
      <UniqueIdentifier>{79c26173-51d9-4cf0-b202-ff6cf2907ee3}</UniqueIdentifier>
    </Filter>
    <Filter Include="Header Files\Entities">
      <UniqueIdentifier>{a46f156d-b3ab-4fe3-afff-e4bca0492cb2}</UniqueIdentifier>
    </Filter>
    <Filter Include="Source Files\Level">
      <UniqueIdentifier>{294399ca-4d27-4ecc-a64c-de27bba07cff}</UniqueIdentifier>
    </Filter>
    <Filter Include="Header Files\Level">
      <UniqueIdentifier>{4e393ee1-1e54-4c73-96a3-68af2e501b21}</UniqueIdentifier>
    </Filter>
    <Filter Include="Source Files\Entities\Base">
      <UniqueIdentifier>{f0f24b95-c93d-4cf3-ac42-bdeed0d4d97c}</UniqueIdentifier>
    </Filter>
    <Filter Include="Header Files\Entities\Base">
      <UniqueIdentifier>{4804cbe6-fcc5-4e5c-85d7-6557867af585}</UniqueIdentifier>
    </Filter>
    <Filter Include="Source Files\Inventory">
      <UniqueIdentifier>{680e8e69-1a36-4392-aa88-e2710e1cf888}</UniqueIdentifier>
    </Filter>
    <Filter Include="Header Files\Inventory">
      <UniqueIdentifier>{569579ff-6fbf-49d9-b16a-6775f083a9d1}</UniqueIdentifier>
    </Filter>
    <Filter Include="Source Files\UI">
      <UniqueIdentifier>{40d266ed-ea11-437f-91d4-ab814c409eb4}</UniqueIdentifier>
    </Filter>
    <Filter Include="Header Files\UI">
      <UniqueIdentifier>{3a4a9dae-d93a-4533-b7c0-c542a6f11fc4}</UniqueIdentifier>
    </Filter>
    <Filter Include="Header Files\Effects">
      <UniqueIdentifier>{acb2f66d-2783-4ad2-a571-3f84613a902f}</UniqueIdentifier>
    </Filter>
    <Filter Include="Header Files\Managers">
      <UniqueIdentifier>{3b4d8fcb-f5d4-4d01-bbf7-ff8a6406548a}</UniqueIdentifier>
    </Filter>
    <Filter Include="Source Files\manager">
      <UniqueIdentifier>{9e3c1f6c-37df-4368-8965-e36db69de513}</UniqueIdentifier>
    </Filter>
    <Filter Include="Source Files\Effects">
      <UniqueIdentifier>{1c0df86c-00dc-4b51-9707-d2ca0c282730}</UniqueIdentifier>
    </Filter>
    <Filter Include="Source Files\Inventory\Items">
      <UniqueIdentifier>{8fa9b949-5dcb-4036-95eb-16f1d59781f6}</UniqueIdentifier>
    </Filter>
    <Filter Include="Header Files\Inventory\Items">
      <UniqueIdentifier>{e729b470-a828-4cbb-a7ee-42a965983abe}</UniqueIdentifier>
    </Filter>
    <Filter Include="Source Files\Inventory\Items\Weapons">
      <UniqueIdentifier>{4f319777-cd9a-451b-b45f-500447f973e0}</UniqueIdentifier>
    </Filter>
    <Filter Include="Source Files\Inventory\Items\Armour">
      <UniqueIdentifier>{1fcfcabc-af35-4099-9950-c8bbcbe36420}</UniqueIdentifier>
    </Filter>
    <Filter Include="Header Files\Inventory\Items\Weapons">
      <UniqueIdentifier>{d332119b-1cdd-4fd5-93e0-7b184fdefcca}</UniqueIdentifier>
    </Filter>
    <Filter Include="Header Files\Inventory\Items\Armour">
      <UniqueIdentifier>{1d7fb4eb-2ea9-474f-b274-b6b793d8be35}</UniqueIdentifier>
    </Filter>
    <Filter Include="Source Files\Inventory\Items\LegArmour">
      <UniqueIdentifier>{8c4b8d91-27b8-4439-801a-da0f5ed829bd}</UniqueIdentifier>
    </Filter>
    <Filter Include="Header Files\Inventory\Items\LegArmour">
      <UniqueIdentifier>{93199b12-8822-435b-9a72-23fdbc6fc7f0}</UniqueIdentifier>
    </Filter>
    <Filter Include="Header Files\Inventory\ItemBuilders">
      <UniqueIdentifier>{38c54286-5bc3-4073-85d2-df86845e9227}</UniqueIdentifier>
    </Filter>
    <Filter Include="Source Files\Inventory\ItemBuilder">
      <UniqueIdentifier>{782ea264-d1b4-4247-85fd-e2d2eedbb17f}</UniqueIdentifier>
    </Filter>
  </ItemGroup>
  <ItemGroup>
    <ClCompile Include="AnimatorController.cpp">
      <Filter>Source Files</Filter>
    </ClCompile>
    <ClCompile Include="Animation.cpp">
      <Filter>Source Files</Filter>
    </ClCompile>
    <ClCompile Include="Slime.cpp">
      <Filter>Source Files\Entities</Filter>
    </ClCompile>
    <ClCompile Include="Ground.cpp">
      <Filter>Source Files\Level</Filter>
    </ClCompile>
    <ClCompile Include="Wall.cpp">
      <Filter>Source Files\Level</Filter>
    </ClCompile>
    <ClCompile Include="Level.cpp">
      <Filter>Source Files\Level</Filter>
    </ClCompile>
    <ClCompile Include="LevelSwitcher.cpp">
      <Filter>Source Files\Level</Filter>
    </ClCompile>
    <ClCompile Include="LevelManager.cpp">
      <Filter>Source Files\Level</Filter>
    </ClCompile>
    <ClCompile Include="Goblin.cpp">
      <Filter>Source Files\Entities</Filter>
    </ClCompile>
    <ClCompile Include="Ghost.cpp">
      <Filter>Source Files\Entities</Filter>
    </ClCompile>
    <ClCompile Include="SlimeBoss.cpp">
      <Filter>Source Files\Entities</Filter>
    </ClCompile>
    <ClCompile Include="main.cpp">
      <Filter>Source Files</Filter>
    </ClCompile>
    <ClCompile Include="Enemy.cpp">
      <Filter>Source Files\Entities\Base</Filter>
    </ClCompile>
    <ClCompile Include="Entity.cpp">
      <Filter>Source Files\Entities\Base</Filter>
    </ClCompile>
    <ClCompile Include="SlimeBase.cpp">
      <Filter>Source Files\Entities\Base</Filter>
    </ClCompile>
    <ClCompile Include="InventorySlot.cpp">
      <Filter>Source Files\Inventory</Filter>
    </ClCompile>
    <ClCompile Include="Inventory.cpp">
      <Filter>Source Files\Inventory</Filter>
    </ClCompile>
    <ClCompile Include="UIComponent.cpp">
      <Filter>Source Files\UI</Filter>
    </ClCompile>
    <ClCompile Include="Collider.cpp">
      <Filter>Source Files\UI</Filter>
    </ClCompile>
    <ClCompile Include="Healthbar.cpp">
      <Filter>Source Files\UI</Filter>
    </ClCompile>
    <ClCompile Include="Button.cpp">
      <Filter>Source Files\UI</Filter>
    </ClCompile>
    <ClCompile Include="SlimeBall.cpp">
      <Filter>Source Files\Entities</Filter>
    </ClCompile>
    <ClCompile Include="Collectable.cpp">
      <Filter>Source Files\Entities</Filter>
    </ClCompile>
    <ClCompile Include="EffectHandler.cpp">
      <Filter>Source Files\Effects</Filter>
    </ClCompile>
    <ClCompile Include="Effect.cpp">
      <Filter>Source Files\Effects</Filter>
    </ClCompile>
    <ClCompile Include="StunEffect.cpp">
      <Filter>Source Files\Effects</Filter>
    </ClCompile>
    <ClCompile Include="BleedEffect.cpp">
      <Filter>Source Files\Effects</Filter>
    </ClCompile>
    <ClCompile Include="EnemiesManager.cpp">
      <Filter>Source Files\manager</Filter>
    </ClCompile>
    <ClCompile Include="Player.cpp">
      <Filter>Source Files</Filter>
    </ClCompile>
    <ClCompile Include="GameManager.cpp">
      <Filter>Source Files\manager</Filter>
    </ClCompile>
    <ClCompile Include="TimeEvent.cpp">
      <Filter>Source Files\manager</Filter>
    </ClCompile>
    <ClCompile Include="LootManager.cpp">
      <Filter>Source Files\manager</Filter>
    </ClCompile>
    <ClCompile Include="BloodKnife.cpp">
      <Filter>Source Files\Inventory\Items\Weapons</Filter>
    </ClCompile>
    <ClCompile Include="FanSword.cpp">
      <Filter>Source Files\Inventory\Items\Weapons</Filter>
    </ClCompile>
    <ClCompile Include="Knife.cpp">
      <Filter>Source Files\Inventory\Items\Weapons</Filter>
    </ClCompile>
    <ClCompile Include="WeaponItem.cpp">
      <Filter>Source Files\Inventory\Items\Weapons</Filter>
    </ClCompile>
    <ClCompile Include="WindSlasher.cpp">
      <Filter>Source Files\Inventory\Items\Weapons</Filter>
    </ClCompile>
    <ClCompile Include="Shield.cpp">
      <Filter>Source Files\Inventory\Items\Weapons</Filter>
    </ClCompile>
    <ClCompile Include="ShieldSword.cpp">
      <Filter>Source Files\Inventory\Items\Weapons</Filter>
    </ClCompile>
    <ClCompile Include="Weapon.cpp">
      <Filter>Source Files\Inventory\Items</Filter>
    </ClCompile>
    <ClCompile Include="Armour.cpp">
      <Filter>Source Files\Inventory\Items</Filter>
    </ClCompile>
    <ClCompile Include="ArmourItem.cpp">
      <Filter>Source Files\Inventory\Items\Armour</Filter>
    </ClCompile>
    <ClCompile Include="Item.cpp">
      <Filter>Source Files\Inventory\Items</Filter>
    </ClCompile>
    <ClCompile Include="RedShirt.cpp">
      <Filter>Source Files\Inventory\Items\Armour</Filter>
    </ClCompile>
    <ClCompile Include="RedSpikes.cpp">
      <Filter>Source Files\Inventory\Items\Armour</Filter>
    </ClCompile>
    <ClCompile Include="ThiefRobe.cpp">
      <Filter>Source Files\Inventory\Items\Armour</Filter>
    </ClCompile>
    <ClCompile Include="KevlarVest.cpp">
      <Filter>Source Files\Inventory\Items\Armour</Filter>
    </ClCompile>
    <ClCompile Include="Armourbar.cpp">
      <Filter>Source Files\UI</Filter>
    </ClCompile>
    <ClCompile Include="MagicRobe.cpp">
      <Filter>Source Files\Inventory\Items\Armour</Filter>
    </ClCompile>
    <ClCompile Include="PlatedArmour.cpp">
      <Filter>Source Files\Inventory\Items\Armour</Filter>
    </ClCompile>
    <ClCompile Include="Interactable.cpp">
      <Filter>Source Files\Level</Filter>
    </ClCompile>
    <ClCompile Include="RedPants.cpp">
      <Filter>Source Files\Inventory\Items\LegArmour</Filter>
    </ClCompile>
    <ClCompile Include="LegArmour.cpp">
      <Filter>Source Files\Inventory\Items</Filter>
    </ClCompile>
    <ClCompile Include="LegArmourItem.cpp">
      <Filter>Source Files\Inventory\Items\LegArmour</Filter>
    </ClCompile>
    <ClCompile Include="WeaponBuilder.cpp">
      <Filter>Source Files\Inventory\ItemBuilder</Filter>
    </ClCompile>
    <ClCompile Include="LegArmourBuilder.cpp">
      <Filter>Source Files\Inventory\ItemBuilder</Filter>
    </ClCompile>
    <ClCompile Include="ArmourBuilder.cpp">
      <Filter>Source Files\Inventory\ItemBuilder</Filter>
    </ClCompile>
    <ClCompile Include="RedPantsSpikes.cpp">
      <Filter>Source Files\Inventory\Items\LegArmour</Filter>
    </ClCompile>
    <ClCompile Include="GreenPants.cpp">
      <Filter>Source Files\Inventory\Items\LegArmour</Filter>
    </ClCompile>
    <ClCompile Include="GreenPantsUpgrade.cpp">
      <Filter>Source Files\Inventory\Items\LegArmour</Filter>
    </ClCompile>
    <ClCompile Include="BluePants.cpp">
      <Filter>Source Files\Inventory\Items\LegArmour</Filter>
    </ClCompile>
    <ClCompile Include="BluePantsUpgrade.cpp">
      <Filter>Source Files\Inventory\Items\LegArmour</Filter>
    </ClCompile>
  </ItemGroup>
  <ItemGroup>
    <ClInclude Include="AnimatorController.h">
      <Filter>Header Files</Filter>
    </ClInclude>
    <ClInclude Include="Animation.h">
      <Filter>Header Files</Filter>
    </ClInclude>
    <ClInclude Include="Slime.h">
      <Filter>Header Files\Entities</Filter>
    </ClInclude>
    <ClInclude Include="Wall.h">
      <Filter>Header Files\Level</Filter>
    </ClInclude>
    <ClInclude Include="Level.h">
      <Filter>Header Files\Level</Filter>
    </ClInclude>
    <ClInclude Include="Ground.h">
      <Filter>Header Files\Level</Filter>
    </ClInclude>
    <ClInclude Include="LevelSwitcher.h">
      <Filter>Header Files\Level</Filter>
    </ClInclude>
    <ClInclude Include="LevelManager.h">
      <Filter>Header Files\Level</Filter>
    </ClInclude>
    <ClInclude Include="Goblin.h">
      <Filter>Header Files\Entities</Filter>
    </ClInclude>
    <ClInclude Include="Ghost.h">
      <Filter>Header Files\Entities</Filter>
    </ClInclude>
    <ClInclude Include="SlimeBoss.h">
      <Filter>Header Files\Entities</Filter>
    </ClInclude>
    <ClInclude Include="Enemy.h">
      <Filter>Header Files\Entities\Base</Filter>
    </ClInclude>
    <ClInclude Include="Entity.h">
      <Filter>Header Files\Entities\Base</Filter>
    </ClInclude>
    <ClInclude Include="SlimeBase.h">
      <Filter>Header Files\Entities\Base</Filter>
    </ClInclude>
    <ClInclude Include="Inventory.h">
      <Filter>Header Files\Inventory</Filter>
    </ClInclude>
    <ClInclude Include="InventorySlot.h">
      <Filter>Header Files\Inventory</Filter>
    </ClInclude>
    <ClInclude Include="Healthbar.h">
      <Filter>Header Files\UI</Filter>
    </ClInclude>
    <ClInclude Include="SlimeBall.h">
      <Filter>Header Files\Entities</Filter>
    </ClInclude>
    <ClInclude Include="Button.h">
      <Filter>Header Files\UI</Filter>
    </ClInclude>
    <ClInclude Include="UIComponent.h">
      <Filter>Header Files\UI</Filter>
    </ClInclude>
    <ClInclude Include="Collectable.h">
      <Filter>Header Files\Entities</Filter>
    </ClInclude>
    <ClInclude Include="Effect.h">
      <Filter>Header Files\Effects</Filter>
    </ClInclude>
    <ClInclude Include="EffectHandler.h">
      <Filter>Header Files\Effects</Filter>
    </ClInclude>
    <ClInclude Include="StunEffect.h">
      <Filter>Header Files\Effects</Filter>
    </ClInclude>
    <ClInclude Include="BleedEffect.h">
      <Filter>Header Files\Effects</Filter>
    </ClInclude>
    <ClInclude Include="EnemiesManager.h">
      <Filter>Header Files\Managers</Filter>
    </ClInclude>
    <ClInclude Include="TimeEvent.h">
      <Filter>Header Files\Managers</Filter>
    </ClInclude>
    <ClInclude Include="Player.h">
      <Filter>Header Files</Filter>
    </ClInclude>
    <ClInclude Include="GameManager.h">
      <Filter>Header Files\Managers</Filter>
    </ClInclude>
    <ClInclude Include="LootManager.h">
      <Filter>Header Files\Managers</Filter>
    </ClInclude>
    <ClInclude Include="BloodKnife.h">
      <Filter>Header Files\Inventory\Items\Weapons</Filter>
    </ClInclude>
    <ClInclude Include="FanSword.h">
      <Filter>Header Files\Inventory\Items\Weapons</Filter>
    </ClInclude>
    <ClInclude Include="Item.h">
      <Filter>Header Files\Inventory\Items\Weapons</Filter>
    </ClInclude>
    <ClInclude Include="Knife.h">
      <Filter>Header Files\Inventory\Items\Weapons</Filter>
    </ClInclude>
    <ClInclude Include="WindSlasher.h">
      <Filter>Header Files\Inventory\Items\Weapons</Filter>
    </ClInclude>
    <ClInclude Include="Shield.h">
      <Filter>Header Files\Inventory\Items\Weapons</Filter>
    </ClInclude>
    <ClInclude Include="ShieldSword.h">
      <Filter>Header Files\Inventory\Items\Weapons</Filter>
    </ClInclude>
    <ClInclude Include="RedShirt.h">
      <Filter>Header Files\Inventory\Items\Armour</Filter>
    </ClInclude>
    <ClInclude Include="RedSpikes.h">
      <Filter>Header Files\Inventory\Items\Armour</Filter>
    </ClInclude>
    <ClInclude Include="WeaponItem.h">
      <Filter>Header Files\Inventory\Items</Filter>
    </ClInclude>
    <ClInclude Include="ThiefRobe.h">
      <Filter>Header Files\Inventory\Items\Armour</Filter>
    </ClInclude>
    <ClInclude Include="Armourbar.h">
      <Filter>Header Files\UI</Filter>
    </ClInclude>
    <ClInclude Include="Armour.h">
      <Filter>Header Files\Inventory\Items</Filter>
    </ClInclude>
    <ClInclude Include="MagicRobe.h">
      <Filter>Header Files\Inventory\Items\Armour</Filter>
    </ClInclude>
    <ClInclude Include="KevlarVest.h">
      <Filter>Header Files\Inventory\Items\Armour</Filter>
    </ClInclude>
    <ClInclude Include="PlatedArmour.h">
      <Filter>Header Files\Inventory\Items\Armour</Filter>
    </ClInclude>
    <ClInclude Include="Weapon.h">
      <Filter>Header Files\Inventory\Items</Filter>
    </ClInclude>
    <ClInclude Include="Interactable.h">
      <Filter>Header Files</Filter>
    </ClInclude>
    <ClInclude Include="RedPants.h">
      <Filter>Header Files\Inventory\Items\LegArmour</Filter>
    </ClInclude>
    <ClInclude Include="Collider.h">
      <Filter>Header Files</Filter>
    </ClInclude>
    <ClInclude Include="LegArmourItem.h">
      <Filter>Header Files\Inventory\Items</Filter>
    </ClInclude>
    <ClInclude Include="LegArmour.h">
      <Filter>Header Files\Inventory\Items</Filter>
    </ClInclude>
    <ClInclude Include="RedPantsSpikes.h">
      <Filter>Header Files\Inventory\Items\LegArmour</Filter>
    </ClInclude>
    <ClInclude Include="LegArmourBuilder.h">
      <Filter>Header Files\Inventory\ItemBuilders</Filter>
    </ClInclude>
    <ClInclude Include="ArmourItem.h">
      <Filter>Header Files\Inventory\Items</Filter>
    </ClInclude>
    <ClInclude Include="WeaponBuilder.h">
      <Filter>Header Files\Inventory\ItemBuilders</Filter>
    </ClInclude>
    <ClInclude Include="ArmourBuilder.h">
      <Filter>Header Files\Inventory\ItemBuilders</Filter>
    </ClInclude>
    <ClInclude Include="GreenLegArmour.h">
      <Filter>Header Files\Inventory\Items\LegArmour</Filter>
    </ClInclude>
    <ClInclude Include="BluePants.h">
      <Filter>Header Files\Inventory\Items\LegArmour</Filter>
    </ClInclude>
    <ClInclude Include="GreenPants.h">
      <Filter>Header Files\Inventory\Items\LegArmour</Filter>
    </ClInclude>
    <ClInclude Include="GreenPantsUpgrade.h">
      <Filter>Header Files\Inventory\Items\LegArmour</Filter>
    </ClInclude>
    <ClInclude Include="BluePantsUpgrade.h">
      <Filter>Header Files\Inventory\Items\LegArmour</Filter>
    </ClInclude>
  </ItemGroup>
</Project>